
Microsoft Visual Studio Solution File, Format Version 12.00
# Visual Studio 15
VisualStudioVersion = 15.0.26430.6
MinimumVisualStudioVersion = 10.0.40219.1
Project("{FAE04EC0-301F-11D3-BF4B-00C04F79EFBC}") = "Isitar.ISO20022", "Isitar.ISO20022\Isitar.ISO20022.csproj", "{FC8755AE-D2C3-4DD3-B674-CAFEA6F048A0}"
EndProject
Project("{FAE04EC0-301F-11D3-BF4B-00C04F79EFBC}") = "Isitar.ISO20022.Console", "Isitar.ISO20022.Console\Isitar.ISO20022.Console.csproj", "{8D713F00-5372-4BD1-A685-342D3BBC05E6}"
EndProject
Global
	GlobalSection(SolutionConfigurationPlatforms) = preSolution
		Debug|Any CPU = Debug|Any CPU
		Release|Any CPU = Release|Any CPU
	EndGlobalSection
	GlobalSection(ProjectConfigurationPlatforms) = postSolution
		{FC8755AE-D2C3-4DD3-B674-CAFEA6F048A0}.Debug|Any CPU.ActiveCfg = Debug|Any CPU
		{FC8755AE-D2C3-4DD3-B674-CAFEA6F048A0}.Debug|Any CPU.Build.0 = Debug|Any CPU
		{FC8755AE-D2C3-4DD3-B674-CAFEA6F048A0}.Release|Any CPU.ActiveCfg = Release|Any CPU
		{FC8755AE-D2C3-4DD3-B674-CAFEA6F048A0}.Release|Any CPU.Build.0 = Release|Any CPU
		{8D713F00-5372-4BD1-A685-342D3BBC05E6}.Debug|Any CPU.ActiveCfg = Debug|Any CPU
		{8D713F00-5372-4BD1-A685-342D3BBC05E6}.Debug|Any CPU.Build.0 = Debug|Any CPU
		{8D713F00-5372-4BD1-A685-342D3BBC05E6}.Release|Any CPU.ActiveCfg = Release|Any CPU
		{8D713F00-5372-4BD1-A685-342D3BBC05E6}.Release|Any CPU.Build.0 = Release|Any CPU
	EndGlobalSection
	GlobalSection(SolutionProperties) = preSolution
		HideSolutionNode = FALSE
	EndGlobalSection
EndGlobal
